PODS:
  - lottie-ios (3.1.6)
  - ScrollableGraphView (4.0.6)

DEPENDENCIES:
  - lottie-ios
  - ScrollableGraphView (~> 4.0.2)

SPEC REPOS:
  trunk:
    - lottie-ios
    - ScrollableGraphView

SPEC CHECKSUMS:
  lottie-ios: 85ce835dd8c53e02509f20729fc7d6a4e6645a0a
  ScrollableGraphView: 4af35d4ea9ecdec665d34a74da51da161ddff8ac

PODFILE CHECKSUM: 09c4bbb065144b79b6ea9efe0f3ed59c57bf67de

COCOAPODS: 1.9.1
